
Microsoft Visual Studio Solution File, Format Version 12.00
# Visual Studio Version 17
VisualStudioVersion = 17.8.34408.163
MinimumVisualStudioVersion = 10.0.40219.1
Project("{FAE04EC0-301F-11D3-BF4B-00C04F79EFBC}") = "Lab_sheet_02_question_02", "Lab_sheet_02_question_02\Lab_sheet_02_question_02.csproj", "{0AD5AF8A-687E-4C9B-B2B0-56E26F2EB3EA}"
EndProject
Global
	GlobalSection(SolutionConfigurationPlatforms) = preSolution
		Debug|Any CPU = Debug|Any CPU
		Release|Any CPU = Release|Any CPU
	EndGlobalSection
	GlobalSection(ProjectConfigurationPlatforms) = postSolution
		{0AD5AF8A-687E-4C9B-B2B0-56E26F2EB3EA}.Debug|Any CPU.ActiveCfg = Debug|Any CPU
		{0AD5AF8A-687E-4C9B-B2B0-56E26F2EB3EA}.Debug|Any CPU.Build.0 = Debug|Any CPU
		{0AD5AF8A-687E-4C9B-B2B0-56E26F2EB3EA}.Release|Any CPU.ActiveCfg = Release|Any CPU
		{0AD5AF8A-687E-4C9B-B2B0-56E26F2EB3EA}.Release|Any CPU.Build.0 = Release|Any CPU
	EndGlobalSection
	GlobalSection(SolutionProperties) = preSolution
		HideSolutionNode = FALSE
	EndGlobalSection
	GlobalSection(ExtensibilityGlobals) = postSolution
		SolutionGuid = {087004C7-7E4A-45CA-B3F3-1BB3C6FFDEA5}
	EndGlobalSection
EndGlobal
